
Microsoft Visual Studio Solution File, Format Version 12.00
# Visual Studio Version 17
VisualStudioVersion = 17.0.32112.339
MinimumVisualStudioVersion = 10.0.40219.1
Project("{9A19103F-16F7-4668-BE54-9A1E7A4F7556}") = "ProductSoftware", "ProductSoftware\ProductSoftware.csproj", "{DA0229F7-D71F-4CB3-A909-08B407FC9797}"
EndProject
Project("{9A19103F-16F7-4668-BE54-9A1E7A4F7556}") = "ProductSoftwareAPI", "ProductSoftwareAPI\ProductSoftwareAPI.csproj", "{3BC223B4-32AF-423A-ACB8-50B3A70AEF8D}"
EndProject
Project("{9A19103F-16F7-4668-BE54-9A1E7A4F7556}") = "ShopOnline.Models", "ShopOnline.Models\ShopOnline.Models.csproj", "{3BF8772F-7AC1-4BBC-9278-A4B61528279B}"
EndProject
Global
	GlobalSection(SolutionConfigurationPlatforms) = preSolution
		Debug|Any CPU = Debug|Any CPU
		Release|Any CPU = Release|Any CPU
	EndGlobalSection
	GlobalSection(ProjectConfigurationPlatforms) = postSolution
		{DA0229F7-D71F-4CB3-A909-08B407FC9797}.Debug|Any CPU.ActiveCfg = Debug|Any CPU
		{DA0229F7-D71F-4CB3-A909-08B407FC9797}.Debug|Any CPU.Build.0 = Debug|Any CPU
		{DA0229F7-D71F-4CB3-A909-08B407FC9797}.Release|Any CPU.ActiveCfg = Release|Any CPU
		{DA0229F7-D71F-4CB3-A909-08B407FC9797}.Release|Any CPU.Build.0 = Release|Any CPU
		{3BC223B4-32AF-423A-ACB8-50B3A70AEF8D}.Debug|Any CPU.ActiveCfg = Debug|Any CPU
		{3BC223B4-32AF-423A-ACB8-50B3A70AEF8D}.Debug|Any CPU.Build.0 = Debug|Any CPU
		{3BC223B4-32AF-423A-ACB8-50B3A70AEF8D}.Release|Any CPU.ActiveCfg = Release|Any CPU
		{3BC223B4-32AF-423A-ACB8-50B3A70AEF8D}.Release|Any CPU.Build.0 = Release|Any CPU
		{3BF8772F-7AC1-4BBC-9278-A4B61528279B}.Debug|Any CPU.ActiveCfg = Debug|Any CPU
		{3BF8772F-7AC1-4BBC-9278-A4B61528279B}.Debug|Any CPU.Build.0 = Debug|Any CPU
		{3BF8772F-7AC1-4BBC-9278-A4B61528279B}.Release|Any CPU.ActiveCfg = Release|Any CPU
		{3BF8772F-7AC1-4BBC-9278-A4B61528279B}.Release|Any CPU.Build.0 = Release|Any CPU
	EndGlobalSection
	GlobalSection(SolutionProperties) = preSolution
		HideSolutionNode = FALSE
	EndGlobalSection
	GlobalSection(ExtensibilityGlobals) = postSolution
		SolutionGuid = {198C631F-7CB4-4E88-A2B9-CE3F19495584}
	EndGlobalSection
EndGlobal
